github.com/kylelemons/godebug v0.0.0-20170820004349-d65d576e9348 h1:MtvEpTB6LX3vkb4ax0b5D2DHbNAUsen0Gx5wZoq3lV4=
github.com/kylelemons/godebug v0.0.0-20170820004349-d65d576e9348/go.mod h1:B69LEHPfb2qLo0BaaOLcbitczOKLWTsrBG9LczfCD4k=
go.mozilla.org/pkcs7 v0.0.0-20181213175627-3cffc6fbfe83 h1:PSzO8ElVoXR+5dqEObn1yvlz+yAcGUh9+6PllAGiJJg=
go.mozilla.org/pkcs7 v0.0.0-20181213175627-3cffc6fbfe83/go.mod h1:5fWP3IVYEMc04wC+lMJAfkmNmKAl2P1swVv8VS+URZ8=
